
Microsoft Visual Studio Solution File, Format Version 12.00
# Visual Studio Version 17
VisualStudioVersion = 17.11.35327.3
MinimumVisualStudioVersion = 10.0.40219.1
Project("{9A19103F-16F7-4668-BE54-9A1E7A4F7556}") = "gateway", "Gateways\gateway\gateway.csproj", "{8A2FB8CF-E61F-47E6-B651-F7143B8AC393}"
EndProject
Project("{9A19103F-16F7-4668-BE54-9A1E7A4F7556}") = "servers-api", "Api\servers-api\servers-api.csproj", "{09A426EF-5FCA-4084-AC10-4ED8BA640A5C}"
	ProjectSection(ProjectDependencies) = postProject
		{55CBA721-BCB3-4B30-8A21-D2BF0363B3F5} = {55CBA721-BCB3-4B30-8A21-D2BF0363B3F5}
	EndProjectSection
EndProject
Project("{9A19103F-16F7-4668-BE54-9A1E7A4F7556}") = "jwtconfiguration", "Gateways\jwtconfiguration\jwtconfiguration.csproj", "{68952CA3-DF9A-4C8D-A83B-1434A8411D00}"
EndProject
Project("{9A19103F-16F7-4668-BE54-9A1E7A4F7556}") = "udp-client", "Clients\udp-client\udp-client.csproj", "{B369644B-6CEB-4EE6-BD99-ECCD6B297A70}"
EndProject
Project("{9A19103F-16F7-4668-BE54-9A1E7A4F7556}") = "udp-server", "Servers\udp-server\udp-server.csproj", "{86E4749C-CB37-4350-BD56-AE3529939338}"
EndProject
Project("{9A19103F-16F7-4668-BE54-9A1E7A4F7556}") = "tcp-client", "Clients\tcp-client\tcp-client.csproj", "{DFE44E10-50D2-4340-88E6-7974F7DDD921}"
EndProject
Project("{2150E333-8FDC-42A3-9474-1A3956D46DE8}") = "testing servers", "testing servers", "{67AC80B6-2116-42A3-ADBE-0E21A76E6BAD}"
EndProject
Project("{2150E333-8FDC-42A3-9474-1A3956D46DE8}") = "testing clients", "testing clients", "{211D86E6-046D-490C-9579-CCC6DC4423D5}"
EndProject
Project("{2150E333-8FDC-42A3-9474-1A3956D46DE8}") = "gateway ocelot", "gateway ocelot", "{8DB87FDF-C327-47A6-A416-86F8426CB75A}"
EndProject
Project("{2150E333-8FDC-42A3-9474-1A3956D46DE8}") = "api", "api", "{8A3E0F38-D4A1-4DE1-A08A-31A4C3DC6F29}"
EndProject
Project("{9A19103F-16F7-4668-BE54-9A1E7A4F7556}") = "tcp-server-2", "tcp-server-2\tcp-server-2.csproj", "{6E588626-CB0E-4D57-8C2B-EE3D5DDBE141}"
EndProject
Project("{9A19103F-16F7-4668-BE54-9A1E7A4F7556}") = "tcp-server", "tcp-server\tcp-server.csproj", "{55CBA721-BCB3-4B30-8A21-D2BF0363B3F5}"
EndProject
Global
	GlobalSection(SolutionConfigurationPlatforms) = preSolution
		Debug|Any CPU = Debug|Any CPU
		Release|Any CPU = Release|Any CPU
	EndGlobalSection
	GlobalSection(ProjectConfigurationPlatforms) = postSolution
		{8A2FB8CF-E61F-47E6-B651-F7143B8AC393}.Debug|Any CPU.ActiveCfg = Debug|Any CPU
		{8A2FB8CF-E61F-47E6-B651-F7143B8AC393}.Debug|Any CPU.Build.0 = Debug|Any CPU
		{8A2FB8CF-E61F-47E6-B651-F7143B8AC393}.Release|Any CPU.ActiveCfg = Release|Any CPU
		{8A2FB8CF-E61F-47E6-B651-F7143B8AC393}.Release|Any CPU.Build.0 = Release|Any CPU
		{09A426EF-5FCA-4084-AC10-4ED8BA640A5C}.Debug|Any CPU.ActiveCfg = Debug|Any CPU
		{09A426EF-5FCA-4084-AC10-4ED8BA640A5C}.Debug|Any CPU.Build.0 = Debug|Any CPU
		{09A426EF-5FCA-4084-AC10-4ED8BA640A5C}.Release|Any CPU.ActiveCfg = Release|Any CPU
		{09A426EF-5FCA-4084-AC10-4ED8BA640A5C}.Release|Any CPU.Build.0 = Release|Any CPU
		{68952CA3-DF9A-4C8D-A83B-1434A8411D00}.Debug|Any CPU.ActiveCfg = Debug|Any CPU
		{68952CA3-DF9A-4C8D-A83B-1434A8411D00}.Debug|Any CPU.Build.0 = Debug|Any CPU
		{68952CA3-DF9A-4C8D-A83B-1434A8411D00}.Release|Any CPU.ActiveCfg = Release|Any CPU
		{68952CA3-DF9A-4C8D-A83B-1434A8411D00}.Release|Any CPU.Build.0 = Release|Any CPU
		{B369644B-6CEB-4EE6-BD99-ECCD6B297A70}.Debug|Any CPU.ActiveCfg = Debug|Any CPU
		{B369644B-6CEB-4EE6-BD99-ECCD6B297A70}.Debug|Any CPU.Build.0 = Debug|Any CPU
		{B369644B-6CEB-4EE6-BD99-ECCD6B297A70}.Release|Any CPU.ActiveCfg = Release|Any CPU
		{B369644B-6CEB-4EE6-BD99-ECCD6B297A70}.Release|Any CPU.Build.0 = Release|Any CPU
		{86E4749C-CB37-4350-BD56-AE3529939338}.Debug|Any CPU.ActiveCfg = Debug|Any CPU
		{86E4749C-CB37-4350-BD56-AE3529939338}.Debug|Any CPU.Build.0 = Debug|Any CPU
		{86E4749C-CB37-4350-BD56-AE3529939338}.Release|Any CPU.ActiveCfg = Release|Any CPU
		{86E4749C-CB37-4350-BD56-AE3529939338}.Release|Any CPU.Build.0 = Release|Any CPU
		{DFE44E10-50D2-4340-88E6-7974F7DDD921}.Debug|Any CPU.ActiveCfg = Debug|Any CPU
		{DFE44E10-50D2-4340-88E6-7974F7DDD921}.Debug|Any CPU.Build.0 = Debug|Any CPU
		{DFE44E10-50D2-4340-88E6-7974F7DDD921}.Release|Any CPU.ActiveCfg = Release|Any CPU
		{DFE44E10-50D2-4340-88E6-7974F7DDD921}.Release|Any CPU.Build.0 = Release|Any CPU
		{6E588626-CB0E-4D57-8C2B-EE3D5DDBE141}.Debug|Any CPU.ActiveCfg = Debug|Any CPU
		{6E588626-CB0E-4D57-8C2B-EE3D5DDBE141}.Debug|Any CPU.Build.0 = Debug|Any CPU
		{6E588626-CB0E-4D57-8C2B-EE3D5DDBE141}.Release|Any CPU.ActiveCfg = Release|Any CPU
		{6E588626-CB0E-4D57-8C2B-EE3D5DDBE141}.Release|Any CPU.Build.0 = Release|Any CPU
		{55CBA721-BCB3-4B30-8A21-D2BF0363B3F5}.Debug|Any CPU.ActiveCfg = Debug|Any CPU
		{55CBA721-BCB3-4B30-8A21-D2BF0363B3F5}.Debug|Any CPU.Build.0 = Debug|Any CPU
		{55CBA721-BCB3-4B30-8A21-D2BF0363B3F5}.Release|Any CPU.ActiveCfg = Release|Any CPU
		{55CBA721-BCB3-4B30-8A21-D2BF0363B3F5}.Release|Any CPU.Build.0 = Release|Any CPU
	EndGlobalSection
	GlobalSection(SolutionProperties) = preSolution
		HideSolutionNode = FALSE
	EndGlobalSection
	GlobalSection(NestedProjects) = preSolution
		{8A2FB8CF-E61F-47E6-B651-F7143B8AC393} = {8DB87FDF-C327-47A6-A416-86F8426CB75A}
		{09A426EF-5FCA-4084-AC10-4ED8BA640A5C} = {8A3E0F38-D4A1-4DE1-A08A-31A4C3DC6F29}
		{68952CA3-DF9A-4C8D-A83B-1434A8411D00} = {8DB87FDF-C327-47A6-A416-86F8426CB75A}
		{B369644B-6CEB-4EE6-BD99-ECCD6B297A70} = {211D86E6-046D-490C-9579-CCC6DC4423D5}
		{86E4749C-CB37-4350-BD56-AE3529939338} = {67AC80B6-2116-42A3-ADBE-0E21A76E6BAD}
		{DFE44E10-50D2-4340-88E6-7974F7DDD921} = {211D86E6-046D-490C-9579-CCC6DC4423D5}
		{6E588626-CB0E-4D57-8C2B-EE3D5DDBE141} = {67AC80B6-2116-42A3-ADBE-0E21A76E6BAD}
	EndGlobalSection
	GlobalSection(ExtensibilityGlobals) = postSolution
		SolutionGuid = {F6013F92-9803-4338-82F2-B55E8C033B3A}
	EndGlobalSection
EndGlobal
