
Microsoft Visual Studio Solution File, Format Version 12.00
# Visual Studio Version 17
VisualStudioVersion = 17.11.35327.3
MinimumVisualStudioVersion = 10.0.40219.1
Project("{9A19103F-16F7-4668-BE54-9A1E7A4F7556}") = "quick-light-requests-gate", "business\quick-light-requests-gate\quick-light-requests-gate.csproj", "{09A426EF-5FCA-4084-AC10-4ED8BA640A5C}"
EndProject
Project("{2150E333-8FDC-42A3-9474-1A3956D46DE8}") = "business", "business", "{8A3E0F38-D4A1-4DE1-A08A-31A4C3DC6F29}"
EndProject
Global
	GlobalSection(SolutionConfigurationPlatforms) = preSolution
		Debug|Any CPU = Debug|Any CPU
		Release|Any CPU = Release|Any CPU
	EndGlobalSection
	GlobalSection(ProjectConfigurationPlatforms) = postSolution
		{8A2FB8CF-E61F-47E6-B651-F7143B8AC393}.Debug|Any CPU.ActiveCfg = Debug|Any CPU
		{8A2FB8CF-E61F-47E6-B651-F7143B8AC393}.Debug|Any CPU.Build.0 = Debug|Any CPU
		{8A2FB8CF-E61F-47E6-B651-F7143B8AC393}.Release|Any CPU.ActiveCfg = Release|Any CPU
		{8A2FB8CF-E61F-47E6-B651-F7143B8AC393}.Release|Any CPU.Build.0 = Release|Any CPU
		{09A426EF-5FCA-4084-AC10-4ED8BA640A5C}.Debug|Any CPU.ActiveCfg = Debug|Any CPU
		{09A426EF-5FCA-4084-AC10-4ED8BA640A5C}.Debug|Any CPU.Build.0 = Debug|Any CPU
		{09A426EF-5FCA-4084-AC10-4ED8BA640A5C}.Release|Any CPU.ActiveCfg = Release|Any CPU
		{09A426EF-5FCA-4084-AC10-4ED8BA640A5C}.Release|Any CPU.Build.0 = Release|Any CPU
		{68952CA3-DF9A-4C8D-A83B-1434A8411D00}.Debug|Any CPU.ActiveCfg = Debug|Any CPU
		{68952CA3-DF9A-4C8D-A83B-1434A8411D00}.Debug|Any CPU.Build.0 = Debug|Any CPU
		{68952CA3-DF9A-4C8D-A83B-1434A8411D00}.Release|Any CPU.ActiveCfg = Release|Any CPU
		{68952CA3-DF9A-4C8D-A83B-1434A8411D00}.Release|Any CPU.Build.0 = Release|Any CPU
	EndGlobalSection
	GlobalSection(SolutionProperties) = preSolution
		HideSolutionNode = FALSE
	EndGlobalSection
	GlobalSection(NestedProjects) = preSolution
		{8A2FB8CF-E61F-47E6-B651-F7143B8AC393} = {8DB87FDF-C327-47A6-A416-86F8426CB75A}
		{09A426EF-5FCA-4084-AC10-4ED8BA640A5C} = {8A3E0F38-D4A1-4DE1-A08A-31A4C3DC6F29}
		{68952CA3-DF9A-4C8D-A83B-1434A8411D00} = {8DB87FDF-C327-47A6-A416-86F8426CB75A}
	EndGlobalSection
	GlobalSection(ExtensibilityGlobals) = postSolution
		SolutionGuid = {F6013F92-9803-4338-82F2-B55E8C033B3A}
	EndGlobalSection
EndGlobal
